
Microsoft Visual Studio Solution File, Format Version 12.00
# Visual Studio Version 17
VisualStudioVersion = 17.0.31903.59
MinimumVisualStudioVersion = 10.0.40219.1
Project("{2150E333-8FDC-42A3-9474-1A3956D46DE8}") = "src", "src", "{827E0CD3-B72D-47B6-A68D-7590B98EB39B}"
EndProject
Project("{FAE04EC0-301F-11D3-BF4B-00C04F79EFBC}") = "Logistica.API", "src\Logistica.API\Logistica.API.csproj", "{B46045D9-BA84-4C8F-BD97-175EFE0FC7A8}"
EndProject
Project("{FAE04EC0-301F-11D3-BF4B-00C04F79EFBC}") = "Logistica.Application", "src\Logistica.Application\Logistica.Application.csproj", "{0BAC2A3D-2FD2-4317-A04D-A2D0E0907902}"
EndProject
Project("{FAE04EC0-301F-11D3-BF4B-00C04F79EFBC}") = "Logistica.Domain", "src\Logistica.Domain\Logistica.Domain.csproj", "{5D1ABD4A-39EA-40F4-859C-E268725D89E4}"
EndProject
Project("{FAE04EC0-301F-11D3-BF4B-00C04F79EFBC}") = "Logistica.Infrastructure", "src\Logistica.Infrastructure\Logistica.Infrastructure.csproj", "{97D6E508-3842-4CF2-BB05-4928F4B636EC}"
EndProject
Project("{2150E333-8FDC-42A3-9474-1A3956D46DE8}") = "Logistica.Tests", "Logistica.Tests", "{2311BBA9-D022-B20B-A2F7-58AD53B4B474}"
EndProject
Project("{FAE04EC0-301F-11D3-BF4B-00C04F79EFBC}") = "Logistica.UnitTests", "src\Logistica.Tests\Logistica.UnitTests\Logistica.UnitTests.csproj", "{33F430F5-DF5D-4DEA-A4E9-945CB0926AA4}"
EndProject
Project("{FAE04EC0-301F-11D3-BF4B-00C04F79EFBC}") = "Logistica.IntegrationTests", "src\Logistica.Tests\Logistica.IntegrationTests\Logistica.IntegrationTests.csproj", "{773F7064-83D8-4287-9250-F2ECF93347AA}"
EndProject
Project("{FAE04EC0-301F-11D3-BF4B-00C04F79EFBC}") = "Logistica.LoadTests", "src\Logistica.Tests\Logistica.LoadTests\Logistica.LoadTests.csproj", "{BA60B8FF-EB2A-4E25-8333-39FD6FB85A4D}"
EndProject
Global
	GlobalSection(SolutionConfigurationPlatforms) = preSolution
		Debug|Any CPU = Debug|Any CPU
		Debug|x64 = Debug|x64
		Debug|x86 = Debug|x86
		Release|Any CPU = Release|Any CPU
		Release|x64 = Release|x64
		Release|x86 = Release|x86
	EndGlobalSection
	GlobalSection(ProjectConfigurationPlatforms) = postSolution
		{B46045D9-BA84-4C8F-BD97-175EFE0FC7A8}.Debug|Any CPU.ActiveCfg = Debug|Any CPU
		{B46045D9-BA84-4C8F-BD97-175EFE0FC7A8}.Debug|Any CPU.Build.0 = Debug|Any CPU
		{B46045D9-BA84-4C8F-BD97-175EFE0FC7A8}.Debug|x64.ActiveCfg = Debug|Any CPU
		{B46045D9-BA84-4C8F-BD97-175EFE0FC7A8}.Debug|x64.Build.0 = Debug|Any CPU
		{B46045D9-BA84-4C8F-BD97-175EFE0FC7A8}.Debug|x86.ActiveCfg = Debug|Any CPU
		{B46045D9-BA84-4C8F-BD97-175EFE0FC7A8}.Debug|x86.Build.0 = Debug|Any CPU
		{B46045D9-BA84-4C8F-BD97-175EFE0FC7A8}.Release|Any CPU.ActiveCfg = Release|Any CPU
		{B46045D9-BA84-4C8F-BD97-175EFE0FC7A8}.Release|Any CPU.Build.0 = Release|Any CPU
		{B46045D9-BA84-4C8F-BD97-175EFE0FC7A8}.Release|x64.ActiveCfg = Release|Any CPU
		{B46045D9-BA84-4C8F-BD97-175EFE0FC7A8}.Release|x64.Build.0 = Release|Any CPU
		{B46045D9-BA84-4C8F-BD97-175EFE0FC7A8}.Release|x86.ActiveCfg = Release|Any CPU
		{B46045D9-BA84-4C8F-BD97-175EFE0FC7A8}.Release|x86.Build.0 = Release|Any CPU
		{0BAC2A3D-2FD2-4317-A04D-A2D0E0907902}.Debug|Any CPU.ActiveCfg = Debug|Any CPU
		{0BAC2A3D-2FD2-4317-A04D-A2D0E0907902}.Debug|Any CPU.Build.0 = Debug|Any CPU
		{0BAC2A3D-2FD2-4317-A04D-A2D0E0907902}.Debug|x64.ActiveCfg = Debug|Any CPU
		{0BAC2A3D-2FD2-4317-A04D-A2D0E0907902}.Debug|x64.Build.0 = Debug|Any CPU
		{0BAC2A3D-2FD2-4317-A04D-A2D0E0907902}.Debug|x86.ActiveCfg = Debug|Any CPU
		{0BAC2A3D-2FD2-4317-A04D-A2D0E0907902}.Debug|x86.Build.0 = Debug|Any CPU
		{0BAC2A3D-2FD2-4317-A04D-A2D0E0907902}.Release|Any CPU.ActiveCfg = Release|Any CPU
		{0BAC2A3D-2FD2-4317-A04D-A2D0E0907902}.Release|Any CPU.Build.0 = Release|Any CPU
		{0BAC2A3D-2FD2-4317-A04D-A2D0E0907902}.Release|x64.ActiveCfg = Release|Any CPU
		{0BAC2A3D-2FD2-4317-A04D-A2D0E0907902}.Release|x64.Build.0 = Release|Any CPU
		{0BAC2A3D-2FD2-4317-A04D-A2D0E0907902}.Release|x86.ActiveCfg = Release|Any CPU
		{0BAC2A3D-2FD2-4317-A04D-A2D0E0907902}.Release|x86.Build.0 = Release|Any CPU
		{5D1ABD4A-39EA-40F4-859C-E268725D89E4}.Debug|Any CPU.ActiveCfg = Debug|Any CPU
		{5D1ABD4A-39EA-40F4-859C-E268725D89E4}.Debug|Any CPU.Build.0 = Debug|Any CPU
		{5D1ABD4A-39EA-40F4-859C-E268725D89E4}.Debug|x64.ActiveCfg = Debug|Any CPU
		{5D1ABD4A-39EA-40F4-859C-E268725D89E4}.Debug|x64.Build.0 = Debug|Any CPU
		{5D1ABD4A-39EA-40F4-859C-E268725D89E4}.Debug|x86.ActiveCfg = Debug|Any CPU
		{5D1ABD4A-39EA-40F4-859C-E268725D89E4}.Debug|x86.Build.0 = Debug|Any CPU
		{5D1ABD4A-39EA-40F4-859C-E268725D89E4}.Release|Any CPU.ActiveCfg = Release|Any CPU
		{5D1ABD4A-39EA-40F4-859C-E268725D89E4}.Release|Any CPU.Build.0 = Release|Any CPU
		{5D1ABD4A-39EA-40F4-859C-E268725D89E4}.Release|x64.ActiveCfg = Release|Any CPU
		{5D1ABD4A-39EA-40F4-859C-E268725D89E4}.Release|x64.Build.0 = Release|Any CPU
		{5D1ABD4A-39EA-40F4-859C-E268725D89E4}.Release|x86.ActiveCfg = Release|Any CPU
		{5D1ABD4A-39EA-40F4-859C-E268725D89E4}.Release|x86.Build.0 = Release|Any CPU
		{97D6E508-3842-4CF2-BB05-4928F4B636EC}.Debug|Any CPU.ActiveCfg = Debug|Any CPU
		{97D6E508-3842-4CF2-BB05-4928F4B636EC}.Debug|Any CPU.Build.0 = Debug|Any CPU
		{97D6E508-3842-4CF2-BB05-4928F4B636EC}.Debug|x64.ActiveCfg = Debug|Any CPU
		{97D6E508-3842-4CF2-BB05-4928F4B636EC}.Debug|x64.Build.0 = Debug|Any CPU
		{97D6E508-3842-4CF2-BB05-4928F4B636EC}.Debug|x86.ActiveCfg = Debug|Any CPU
		{97D6E508-3842-4CF2-BB05-4928F4B636EC}.Debug|x86.Build.0 = Debug|Any CPU
		{97D6E508-3842-4CF2-BB05-4928F4B636EC}.Release|Any CPU.ActiveCfg = Release|Any CPU
		{97D6E508-3842-4CF2-BB05-4928F4B636EC}.Release|Any CPU.Build.0 = Release|Any CPU
		{97D6E508-3842-4CF2-BB05-4928F4B636EC}.Release|x64.ActiveCfg = Release|Any CPU
		{97D6E508-3842-4CF2-BB05-4928F4B636EC}.Release|x64.Build.0 = Release|Any CPU
		{97D6E508-3842-4CF2-BB05-4928F4B636EC}.Release|x86.ActiveCfg = Release|Any CPU
		{97D6E508-3842-4CF2-BB05-4928F4B636EC}.Release|x86.Build.0 = Release|Any CPU
		{33F430F5-DF5D-4DEA-A4E9-945CB0926AA4}.Debug|Any CPU.ActiveCfg = Debug|Any CPU
		{33F430F5-DF5D-4DEA-A4E9-945CB0926AA4}.Debug|Any CPU.Build.0 = Debug|Any CPU
		{33F430F5-DF5D-4DEA-A4E9-945CB0926AA4}.Debug|x64.ActiveCfg = Debug|Any CPU
		{33F430F5-DF5D-4DEA-A4E9-945CB0926AA4}.Debug|x64.Build.0 = Debug|Any CPU
		{33F430F5-DF5D-4DEA-A4E9-945CB0926AA4}.Debug|x86.ActiveCfg = Debug|Any CPU
		{33F430F5-DF5D-4DEA-A4E9-945CB0926AA4}.Debug|x86.Build.0 = Debug|Any CPU
		{33F430F5-DF5D-4DEA-A4E9-945CB0926AA4}.Release|Any CPU.ActiveCfg = Release|Any CPU
		{33F430F5-DF5D-4DEA-A4E9-945CB0926AA4}.Release|Any CPU.Build.0 = Release|Any CPU
		{33F430F5-DF5D-4DEA-A4E9-945CB0926AA4}.Release|x64.ActiveCfg = Release|Any CPU
		{33F430F5-DF5D-4DEA-A4E9-945CB0926AA4}.Release|x64.Build.0 = Release|Any CPU
		{33F430F5-DF5D-4DEA-A4E9-945CB0926AA4}.Release|x86.ActiveCfg = Release|Any CPU
		{33F430F5-DF5D-4DEA-A4E9-945CB0926AA4}.Release|x86.Build.0 = Release|Any CPU
		{773F7064-83D8-4287-9250-F2ECF93347AA}.Debug|Any CPU.ActiveCfg = Debug|Any CPU
		{773F7064-83D8-4287-9250-F2ECF93347AA}.Debug|Any CPU.Build.0 = Debug|Any CPU
		{773F7064-83D8-4287-9250-F2ECF93347AA}.Debug|x64.ActiveCfg = Debug|Any CPU
		{773F7064-83D8-4287-9250-F2ECF93347AA}.Debug|x64.Build.0 = Debug|Any CPU
		{773F7064-83D8-4287-9250-F2ECF93347AA}.Debug|x86.ActiveCfg = Debug|Any CPU
		{773F7064-83D8-4287-9250-F2ECF93347AA}.Debug|x86.Build.0 = Debug|Any CPU
		{773F7064-83D8-4287-9250-F2ECF93347AA}.Release|Any CPU.ActiveCfg = Release|Any CPU
		{773F7064-83D8-4287-9250-F2ECF93347AA}.Release|Any CPU.Build.0 = Release|Any CPU
		{773F7064-83D8-4287-9250-F2ECF93347AA}.Release|x64.ActiveCfg = Release|Any CPU
		{773F7064-83D8-4287-9250-F2ECF93347AA}.Release|x64.Build.0 = Release|Any CPU
		{773F7064-83D8-4287-9250-F2ECF93347AA}.Release|x86.ActiveCfg = Release|Any CPU
		{773F7064-83D8-4287-9250-F2ECF93347AA}.Release|x86.Build.0 = Release|Any CPU
		{BA60B8FF-EB2A-4E25-8333-39FD6FB85A4D}.Debug|Any CPU.ActiveCfg = Debug|Any CPU
		{BA60B8FF-EB2A-4E25-8333-39FD6FB85A4D}.Debug|Any CPU.Build.0 = Debug|Any CPU
		{BA60B8FF-EB2A-4E25-8333-39FD6FB85A4D}.Debug|x64.ActiveCfg = Debug|Any CPU
		{BA60B8FF-EB2A-4E25-8333-39FD6FB85A4D}.Debug|x64.Build.0 = Debug|Any CPU
		{BA60B8FF-EB2A-4E25-8333-39FD6FB85A4D}.Debug|x86.ActiveCfg = Debug|Any CPU
		{BA60B8FF-EB2A-4E25-8333-39FD6FB85A4D}.Debug|x86.Build.0 = Debug|Any CPU
		{BA60B8FF-EB2A-4E25-8333-39FD6FB85A4D}.Release|Any CPU.ActiveCfg = Release|Any CPU
		{BA60B8FF-EB2A-4E25-8333-39FD6FB85A4D}.Release|Any CPU.Build.0 = Release|Any CPU
		{BA60B8FF-EB2A-4E25-8333-39FD6FB85A4D}.Release|x64.ActiveCfg = Release|Any CPU
		{BA60B8FF-EB2A-4E25-8333-39FD6FB85A4D}.Release|x64.Build.0 = Release|Any CPU
		{BA60B8FF-EB2A-4E25-8333-39FD6FB85A4D}.Release|x86.ActiveCfg = Release|Any CPU
		{BA60B8FF-EB2A-4E25-8333-39FD6FB85A4D}.Release|x86.Build.0 = Release|Any CPU
	EndGlobalSection
	GlobalSection(SolutionProperties) = preSolution
		HideSolutionNode = FALSE
	EndGlobalSection
	GlobalSection(NestedProjects) = preSolution
		{B46045D9-BA84-4C8F-BD97-175EFE0FC7A8} = {827E0CD3-B72D-47B6-A68D-7590B98EB39B}
		{0BAC2A3D-2FD2-4317-A04D-A2D0E0907902} = {827E0CD3-B72D-47B6-A68D-7590B98EB39B}
		{5D1ABD4A-39EA-40F4-859C-E268725D89E4} = {827E0CD3-B72D-47B6-A68D-7590B98EB39B}
		{97D6E508-3842-4CF2-BB05-4928F4B636EC} = {827E0CD3-B72D-47B6-A68D-7590B98EB39B}
		{2311BBA9-D022-B20B-A2F7-58AD53B4B474} = {827E0CD3-B72D-47B6-A68D-7590B98EB39B}
		{33F430F5-DF5D-4DEA-A4E9-945CB0926AA4} = {2311BBA9-D022-B20B-A2F7-58AD53B4B474}
		{773F7064-83D8-4287-9250-F2ECF93347AA} = {2311BBA9-D022-B20B-A2F7-58AD53B4B474}
		{BA60B8FF-EB2A-4E25-8333-39FD6FB85A4D} = {2311BBA9-D022-B20B-A2F7-58AD53B4B474}
	EndGlobalSection
EndGlobal
